
Microsoft Visual Studio Solution File, Format Version 12.00
# Visual Studio Version 16
VisualStudioVersion = 16.0.29306.81
MinimumVisualStudioVersion = 10.0.40219.1
Project("{FAE04EC0-301F-11D3-BF4B-00C04F79EFBC}") = "ProyectoInmobiliariaHugo", "ProyectoInmobiliariaHugo\ProyectoInmobiliariaHugo.csproj", "{A0D933A2-7AAA-4B18-B41C-327C6C13698D}"
EndProject
Global
	GlobalSection(SolutionConfigurationPlatforms) = preSolution
		Debug|Any CPU = Debug|Any CPU
		Release|Any CPU = Release|Any CPU
	EndGlobalSection
	GlobalSection(ProjectConfigurationPlatforms) = postSolution
		{A0D933A2-7AAA-4B18-B41C-327C6C13698D}.Debug|Any CPU.ActiveCfg = Debug|Any CPU
		{A0D933A2-7AAA-4B18-B41C-327C6C13698D}.Debug|Any CPU.Build.0 = Debug|Any CPU
		{A0D933A2-7AAA-4B18-B41C-327C6C13698D}.Release|Any CPU.ActiveCfg = Release|Any CPU
		{A0D933A2-7AAA-4B18-B41C-327C6C13698D}.Release|Any CPU.Build.0 = Release|Any CPU
	EndGlobalSection
	GlobalSection(SolutionProperties) = preSolution
		HideSolutionNode = FALSE
	EndGlobalSection
	GlobalSection(ExtensibilityGlobals) = postSolution
		SolutionGuid = {281104E1-AE10-4712-8C22-52E16253B047}
	EndGlobalSection
EndGlobal
